
Microsoft Visual Studio Solution File, Format Version 12.00
# Visual Studio 2012
Project("{FAE04EC0-301F-11D3-BF4B-00C04F79EFBC}") = "video_record_sb", "video_record_sb\video_record_sb.csproj", "{3DA77740-75FD-457B-87A4-A9230F97AC79}"
EndProject
Global
	GlobalSection(SolutionConfigurationPlatforms) = preSolution
		Debug|iPhoneSimulator = Debug|iPhoneSimulator
		Release|iPhoneSimulator = Release|iPhoneSimulator
		Debug|iPhone = Debug|iPhone
		Release|iPhone = Release|iPhone
		Ad-Hoc|iPhone = Ad-Hoc|iPhone
		AppStore|iPhone = AppStore|iPhone
	EndGlobalSection
	GlobalSection(ProjectConfigurationPlatforms) = postSolution
		{3DA77740-75FD-457B-87A4-A9230F97AC79}.Ad-Hoc|iPhone.ActiveCfg = Ad-Hoc|iPhone
		{3DA77740-75FD-457B-87A4-A9230F97AC79}.Ad-Hoc|iPhone.Build.0 = Ad-Hoc|iPhone
		{3DA77740-75FD-457B-87A4-A9230F97AC79}.AppStore|iPhone.ActiveCfg = AppStore|iPhone
		{3DA77740-75FD-457B-87A4-A9230F97AC79}.AppStore|iPhone.Build.0 = AppStore|iPhone
		{3DA77740-75FD-457B-87A4-A9230F97AC79}.Debug|iPhone.ActiveCfg = Debug|iPhone
		{3DA77740-75FD-457B-87A4-A9230F97AC79}.Debug|iPhone.Build.0 = Debug|iPhone
		{3DA77740-75FD-457B-87A4-A9230F97AC79}.Debug|iPhoneSimulator.ActiveCfg = Debug|iPhoneSimulator
		{3DA77740-75FD-457B-87A4-A9230F97AC79}.Debug|iPhoneSimulator.Build.0 = Debug|iPhoneSimulator
		{3DA77740-75FD-457B-87A4-A9230F97AC79}.Release|iPhone.ActiveCfg = Release|iPhone
		{3DA77740-75FD-457B-87A4-A9230F97AC79}.Release|iPhone.Build.0 = Release|iPhone
		{3DA77740-75FD-457B-87A4-A9230F97AC79}.Release|iPhoneSimulator.ActiveCfg = Release|iPhoneSimulator
		{3DA77740-75FD-457B-87A4-A9230F97AC79}.Release|iPhoneSimulator.Build.0 = Release|iPhoneSimulator
	EndGlobalSection
	GlobalSection(MonoDevelopProperties) = preSolution
		StartupItem = video_record_sb\video_record_sb.csproj
	EndGlobalSection
EndGlobal
